# This file is generated by running "yarn install" inside your project.
# Manual changes might be lost - proceed with caution!

__metadata:
  version: 10
  cacheKey: 10c0

"@cecasem-conecta/api@workspace:apps/api":
  version: 0.0.0-use.local
  resolution: "@cecasem-conecta/api@workspace:apps/api"
  languageName: unknown
  linkType: soft

"@cecasem-conecta/web@workspace:apps/web":
  version: 0.0.0-use.local
  resolution: "@cecasem-conecta/web@workspace:apps/web"
  languageName: unknown
  linkType: soft

"cecasem-conecta@workspace:.":
  version: 0.0.0-use.local
  resolution: "cecasem-conecta@workspace:."
  languageName: unknown
  linkType: soft
